<?xml version="1.0" encoding="utf-8"?>
<Project ToolsVersion="4.0" xmlns="http://schemas.microsoft.com/developer/msbuild/2003">
  <ItemGroup>
    <Filter Include="Systems">
      <UniqueIdentifier>{e5e4a11d-3d87-41a1-8b30-1925404778c5}</UniqueIdentifier>
    </Filter>
    <Filter Include="Resources">
      <UniqueIdentifier>{67DA6AB6-F800-4c08-8B7A-83BB121AAD01}</UniqueIdentifier>
      <Extensions>rc;ico;cur;bmp;dlg;rc2;rct;bin;rgs;gif;jpg;jpeg;jpe;resx;tiff;tif;png;wav;mfcribbon-ms</Extensions>
    </Filter>
    <Filter Include="Resources\Fonts">
      <UniqueIdentifier>{1656a13a-3dd5-4ab0-a51e-e268b6ba1a21}</UniqueIdentifier>
    </Filter>
    <Filter Include="Resources\Textures">
      <UniqueIdentifier>{1a266bab-f3aa-4a5a-80a9-874a6e0b6586}</UniqueIdentifier>
    </Filter>
    <Filter Include="Utils">
      <UniqueIdentifier>{91a4d844-c328-4241-a647-84ae45e3419a}</UniqueIdentifier>
    </Filter>
    <Filter Include="Models">
      <UniqueIdentifier>{47f16d09-67f5-442c-9128-9c4d24c5b62c}</UniqueIdentifier>
    </Filter>
    <Filter Include="Models\LSystem">
      <UniqueIdentifier>{2fab3e5a-1e55-4ece-8895-88faf6bdfa05}</UniqueIdentifier>
    </Filter>
    <Filter Include="Models\Shaders">
      <UniqueIdentifier>{4133bf37-1fa5-44f5-9897-6f7e41f1d353}</UniqueIdentifier>
    </Filter>
    <Filter Include="SceneGraph">
      <UniqueIdentifier>{03ef880b-bd86-4f5e-93ca-64882bed0992}</UniqueIdentifier>
    </Filter>
    <Filter Include="Physics">
      <UniqueIdentifier>{4f51ac08-0b8f-47f1-9d32-1d01df327a06}</UniqueIdentifier>
    </Filter>
    <Filter Include="Entity">
      <UniqueIdentifier>{395dbd3e-67a5-410a-81f2-fe2448945cbb}</UniqueIdentifier>
    </Filter>
    <Filter Include="Resources\TGA">
      <UniqueIdentifier>{8020f234-46e0-4f06-b5aa-bccb9e4d84d9}</UniqueIdentifier>
    </Filter>
    <Filter Include="Entity\Properties">
      <UniqueIdentifier>{7848f1cc-6822-4f2e-a4d9-aa6a2b3f8735}</UniqueIdentifier>
    </Filter>
    <Filter Include="SceneGraph\Primitives">
      <UniqueIdentifier>{b91b08a0-eb08-4018-90a6-0016c398feda}</UniqueIdentifier>
    </Filter>
    <Filter Include="SceneGraph\Base">
      <UniqueIdentifier>{fee91162-6a16-4fcc-9b03-b7c6e056ba77}</UniqueIdentifier>
    </Filter>
    <Filter Include="Physics\BVH">
      <UniqueIdentifier>{82e09135-29f5-4bab-9ba1-1f59329a12ca}</UniqueIdentifier>
    </Filter>
  </ItemGroup>
  <ItemGroup>
    <ClCompile Include="main.cpp" />
    <ClCompile Include="Utils\math3d.cpp">
      <Filter>Utils</Filter>
    </ClCompile>
    <ClCompile Include="Systems\Camera.cpp">
      <Filter>Systems</Filter>
    </ClCompile>
    <ClCompile Include="Systems\Core.cpp">
      <Filter>Systems</Filter>
    </ClCompile>
    <ClCompile Include="Models\Skybox.cpp">
      <Filter>Models</Filter>
    </ClCompile>
    <ClCompile Include="Models\LSystem\LSysParam.cpp">
      <Filter>Models\LSystem</Filter>
    </ClCompile>
    <ClCompile Include="Models\LSystem\LTree.cpp">
      <Filter>Models\LSystem</Filter>
    </ClCompile>
    <ClCompile Include="Globals.cpp" />
    <ClCompile Include="SceneGraph\FogMT.cpp">
      <Filter>SceneGraph</Filter>
    </ClCompile>
    <ClCompile Include="SceneGraph\LightMT.cpp">
      <Filter>SceneGraph</Filter>
    </ClCompile>
    <ClCompile Include="SceneGraph\Scene.cpp">
      <Filter>SceneGraph</Filter>
    </ClCompile>
    <ClCompile Include="SceneGraph\Terrain.cpp">
      <Filter>SceneGraph</Filter>
    </ClCompile>
    <ClCompile Include="Utils\tga.cpp">
      <Filter>Utils</Filter>
    </ClCompile>
    <ClCompile Include="Models\LSystem\ProcMesh.cpp">
      <Filter>Models\LSystem</Filter>
    </ClCompile>
    <ClCompile Include="Systems\InputManager.cpp">
      <Filter>Systems</Filter>
    </ClCompile>
    <ClCompile Include="Systems\PhysicsManager.cpp">
      <Filter>Systems</Filter>
    </ClCompile>
    <ClCompile Include="Systems\Window.cpp">
      <Filter>Systems</Filter>
    </ClCompile>
    <ClCompile Include="Particle.cpp" />
    <ClCompile Include="Particles.cpp" />
    <ClCompile Include="Systems\Timer.cpp">
      <Filter>Systems</Filter>
    </ClCompile>
    <ClCompile Include="Entity\EntityBST.cpp">
      <Filter>Entity</Filter>
    </ClCompile>
    <ClCompile Include="Entity\EntityNode.cpp">
      <Filter>Entity</Filter>
    </ClCompile>
    <ClCompile Include="Entity\Properties\DrawData.cpp">
      <Filter>Entity\Properties</Filter>
    </ClCompile>
    <ClCompile Include="Entity\Properties\MaterialData.cpp">
      <Filter>Entity\Properties</Filter>
    </ClCompile>
    <ClCompile Include="Entity\Properties\UpdateData.cpp">
      <Filter>Entity\Properties</Filter>
    </ClCompile>
    <ClCompile Include="Entity\Properties\Light.cpp">
      <Filter>Entity\Properties</Filter>
    </ClCompile>
    <ClCompile Include="Entity\Properties\Texture.cpp">
      <Filter>Entity\Properties</Filter>
    </ClCompile>
    <ClCompile Include="Models\Drawable.cpp">
      <Filter>Models</Filter>
    </ClCompile>
    <ClCompile Include="Utils\Program.cpp">
      <Filter>Utils</Filter>
    </ClCompile>
    <ClCompile Include="Utils\Shader.cpp">
      <Filter>Utils</Filter>
    </ClCompile>
    <ClCompile Include="Systems\LevelManager.cpp">
      <Filter>Systems</Filter>
    </ClCompile>
    <ClCompile Include="SceneGraph\Primitives\Player.cpp">
      <Filter>SceneGraph\Primitives</Filter>
    </ClCompile>
    <ClCompile Include="SceneGraph\Primitives\Sphere.cpp">
      <Filter>SceneGraph\Primitives</Filter>
    </ClCompile>
    <ClCompile Include="SceneGraph\Primitives\Tree.cpp">
      <Filter>SceneGraph\Primitives</Filter>
    </ClCompile>
    <ClCompile Include="SceneGraph\Base\Geode.cpp">
      <Filter>SceneGraph\Base</Filter>
    </ClCompile>
    <ClCompile Include="SceneGraph\Base\Group.cpp">
      <Filter>SceneGraph\Base</Filter>
    </ClCompile>
    <ClCompile Include="SceneGraph\Base\MatrixTransform.cpp">
      <Filter>SceneGraph\Base</Filter>
    </ClCompile>
    <ClCompile Include="SceneGraph\Base\Node.cpp">
      <Filter>SceneGraph\Base</Filter>
    </ClCompile>
    <ClCompile Include="Physics\BVH.cpp">
      <Filter>Physics\BVH</Filter>
    </ClCompile>
    <ClCompile Include="Physics\AABB.cpp">
      <Filter>Physics\BVH</Filter>
    </ClCompile>
    <ClCompile Include="SceneGraph\Primitives\Arrow.cpp">
      <Filter>SceneGraph\Primitives</Filter>
    </ClCompile>
    <ClCompile Include="SceneGraph\Creeper.cpp">
      <Filter>SceneGraph</Filter>
    </ClCompile>
    <ClCompile Include="SceneGraph\Primitives\Cube.cpp">
      <Filter>SceneGraph\Primitives</Filter>
    </ClCompile>
  </ItemGroup>
  <ItemGroup>
    <None Include="README.md" />
    <None Include="Models\Shaders\Skybox.frag">
      <Filter>Models\Shaders</Filter>
    </None>
    <None Include="Models\Shaders\Skybox.vert">
      <Filter>Models\Shaders</Filter>
    </None>
    <None Include="Models\Shaders\terrain.frag">
      <Filter>Models\Shaders</Filter>
    </None>
    <None Include="Models\Shaders\terrain.vert">
      <Filter>Models\Shaders</Filter>
    </None>
    <None Include=".gitignore" />
    <None Include="Models\Shaders\CreeperFace.vs">
      <Filter>Models\Shaders</Filter>
    </None>
    <None Include="Models\Shaders\CreeperFace.fs">
      <Filter>Models\Shaders</Filter>
    </None>
  </ItemGroup>
  <ItemGroup>
    <Image Include="Resources\Textures\mnight_bk.png">
      <Filter>Resources\Textures</Filter>
    </Image>
    <Image Include="Resources\Textures\mnight_dn.png">
      <Filter>Resources\Textures</Filter>
    </Image>
    <Image Include="Resources\Textures\mnight_ft.png">
      <Filter>Resources\Textures</Filter>
    </Image>
    <Image Include="Resources\Textures\mnight_lf.png">
      <Filter>Resources\Textures</Filter>
    </Image>
    <Image Include="Resources\Textures\mnight_rt.png">
      <Filter>Resources\Textures</Filter>
    </Image>
    <Image Include="Resources\Textures\mnight_up.png">
      <Filter>Resources\Textures</Filter>
    </Image>
    <Image Include="Resources\TGA\3dtech.tga">
      <Filter>Resources\TGA</Filter>
    </Image>
    <Image Include="Resources\Textures\creeper.jpg">
      <Filter>Resources\Textures</Filter>
    </Image>
    <Image Include="Resources\Textures\dirt.JPG">
      <Filter>Resources\Textures</Filter>
    </Image>
    <Image Include="Resources\Textures\grass.JPG">
      <Filter>Resources\Textures</Filter>
    </Image>
    <Image Include="Resources\Textures\rock.JPG">
      <Filter>Resources\Textures</Filter>
    </Image>
    <Image Include="Resources\Textures\snow.JPG">
      <Filter>Resources\Textures</Filter>
    </Image>
    <Image Include="Resources\Textures\treebark.jpg">
      <Filter>Resources\Textures</Filter>
    </Image>
  </ItemGroup>
  <ItemGroup>
    <Font Include="Resources\Fonts\arial.ttf">
      <Filter>Resources\Fonts</Filter>
    </Font>
  </ItemGroup>
  <ItemGroup>
    <ClInclude Include="Utils\math3d.h">
      <Filter>Utils</Filter>
    </ClInclude>
    <ClInclude Include="Systems\Camera.h">
      <Filter>Systems</Filter>
    </ClInclude>
    <ClInclude Include="Systems\Core.h">
      <Filter>Systems</Filter>
    </ClInclude>
    <ClInclude Include="Systems\Window.h">
      <Filter>Systems</Filter>
    </ClInclude>
    <ClInclude Include="Models\Skybox.h">
      <Filter>Models</Filter>
    </ClInclude>
    <ClInclude Include="Models\LSystem\LSysParam.h">
      <Filter>Models\LSystem</Filter>
    </ClInclude>
    <ClInclude Include="Models\LSystem\LTree.h">
      <Filter>Models\LSystem</Filter>
    </ClInclude>
    <ClInclude Include="Globals.h" />
    <ClInclude Include="SceneGraph\FogMT.h">
      <Filter>SceneGraph</Filter>
    </ClInclude>
    <ClInclude Include="SceneGraph\LightMT.h">
      <Filter>SceneGraph</Filter>
    </ClInclude>
    <ClInclude Include="SceneGraph\Scene.h">
      <Filter>SceneGraph</Filter>
    </ClInclude>
    <ClInclude Include="SceneGraph\Terrain.h">
      <Filter>SceneGraph</Filter>
    </ClInclude>
    <ClInclude Include="Utils\tga.h">
      <Filter>Utils</Filter>
    </ClInclude>
    <ClInclude Include="Models\LSystem\ProcMesh.h">
      <Filter>Models\LSystem</Filter>
    </ClInclude>
    <ClInclude Include="Physics\Simulation.h">
      <Filter>Physics</Filter>
    </ClInclude>
    <ClInclude Include="Systems\InputManager.h">
      <Filter>Systems</Filter>
    </ClInclude>
    <ClInclude Include="Systems\PhysicsManager.h">
      <Filter>Systems</Filter>
    </ClInclude>
    <ClInclude Include="Particle.h" />
    <ClInclude Include="Particles.h" />
    <ClInclude Include="Systems\Timer.h">
      <Filter>Systems</Filter>
    </ClInclude>
    <ClInclude Include="Entity\EntityBST.h">
      <Filter>Entity</Filter>
    </ClInclude>
    <ClInclude Include="Entity\EntityNode.h">
      <Filter>Entity</Filter>
    </ClInclude>
    <ClInclude Include="Entity\Properties\DrawData.h">
      <Filter>Entity\Properties</Filter>
    </ClInclude>
    <ClInclude Include="Entity\Properties\MaterialData.h">
      <Filter>Entity\Properties</Filter>
    </ClInclude>
    <ClInclude Include="Entity\Properties\UpdateData.h">
      <Filter>Entity\Properties</Filter>
    </ClInclude>
    <ClInclude Include="Entity\Properties\Light.h">
      <Filter>Entity\Properties</Filter>
    </ClInclude>
    <ClInclude Include="Entity\Properties\Texture.h">
      <Filter>Entity\Properties</Filter>
    </ClInclude>
    <ClInclude Include="Models\Drawable.h">
      <Filter>Models</Filter>
    </ClInclude>
    <ClInclude Include="Utils\Program.h">
      <Filter>Utils</Filter>
    </ClInclude>
    <ClInclude Include="Utils\Shader.h">
      <Filter>Utils</Filter>
    </ClInclude>
    <ClInclude Include="Systems\LevelManager.h">
      <Filter>Systems</Filter>
    </ClInclude>
    <ClInclude Include="SceneGraph\Primitives\Cube.h">
      <Filter>SceneGraph\Primitives</Filter>
    </ClInclude>
    <ClInclude Include="SceneGraph\Primitives\Player.h">
      <Filter>SceneGraph\Primitives</Filter>
    </ClInclude>
    <ClInclude Include="SceneGraph\Primitives\Sphere.h">
      <Filter>SceneGraph\Primitives</Filter>
    </ClInclude>
    <ClInclude Include="SceneGraph\Primitives\Tree.h">
      <Filter>SceneGraph\Primitives</Filter>
    </ClInclude>
    <ClInclude Include="SceneGraph\Base\Geode.h">
      <Filter>SceneGraph\Base</Filter>
    </ClInclude>
    <ClInclude Include="SceneGraph\Base\Group.h">
      <Filter>SceneGraph\Base</Filter>
    </ClInclude>
    <ClInclude Include="SceneGraph\Base\MatrixTransform.h">
      <Filter>SceneGraph\Base</Filter>
    </ClInclude>
    <ClInclude Include="SceneGraph\Base\Node.h">
      <Filter>SceneGraph\Base</Filter>
    </ClInclude>
    <ClInclude Include="Physics\BVH\New folder\Object.h">
      <Filter>Physics\BVH</Filter>
    </ClInclude>
    <ClInclude Include="Physics\BVH.h">
      <Filter>Physics\BVH</Filter>
    </ClInclude>
    <ClInclude Include="Physics\AABB.h">
      <Filter>Physics\BVH</Filter>
    </ClInclude>
    <ClInclude Include="SceneGraph\Primitives\Arrow.h">
      <Filter>SceneGraph\Primitives</Filter>
    </ClInclude>
    <ClInclude Include="Models\CreeperModel.h">
      <Filter>Models</Filter>
    </ClInclude>
    <ClInclude Include="SceneGraph\Creeper.h">
      <Filter>SceneGraph</Filter>
    </ClInclude>
  </ItemGroup>
</Project>